{
    "_readme": [
        "This file locks the dependencies of your project to a known state",
        "Read more about it at https://getcomposer.org/doc/01-basic-usage.md#installing-dependencies",
        "This file is @generated automatically"
    ],
    "content-hash": "391323a63487a4e908eb3f1505dbc16f",
    "packages": [
        {
            "name": "recaptcha-lib/recaptcha",
            "version": "v0.1.5",
            "source": {
                "type": "git",
                "url": "https://github.com/adrianorsouza/reCAPTCHA-lib.git",
                "reference": "0875e6deab68b9949033417d10db4d2aefeccdcb"
            },
            "dist": {
                "type": "zip",
                "url": "https://api.github.com/repos/adrianorsouza/reCAPTCHA-lib/zipball/0875e6deab68b9949033417d10db4d2aefeccdcb",
                "reference": "0875e6deab68b9949033417d10db4d2aefeccdcb",
                "shasum": ""
            },
            "require": {
                "php": ">=5.3.0"
            },
            "require-dev": {
                "phpdocumentor/phpdocumentor": "2.*",
                "phpunit/phpunit": "3.7.*"
            },
            "type": "library",
            "autoload": {
                "psr-0": {
                    "ReCaptcha": "lib"
                }
            },
            "notification-url": "https://packagist.org/downloads/",
            "license": [
                "MIT"
            ],
            "authors": [
                {
                    "name": "Adriano Rosa",
                    "email": "dev@adrianorosa.com",
                    "homepage": "http://adrianorosa.com"
                }
            ],
            "description": "PHP Library for reCAPTCHA Google's API",
            "homepage": "https://github.com/adrianorsouza/reCAPTCHA-lib",
            "keywords": [
                "captcha",
                "recapcha-lib",
                "recaptcha"
            ],
            "time": "2018-08-09T21:15:11+00:00"
        }
    ],
    "packages-dev": [],
    "aliases": [],
    "minimum-stability": "stable",
    "stability-flags": [],
    "prefer-stable": false,
    "prefer-lowest": false,
    "platform": [],
    "platform-dev": []
}
